// !$*UTF8*$!
{
	archiveVersion = 1;
	classes = {
	};
	objectVersion = 50;
	objects = {

/* Begin PBXBuildFile section */
		D9F55B4B2406214E0089318E /* AppDelegate.swift in Sources */ = {isa = PBXBuildFile; fileRef = D9F55B4A2406214E0089318E /* AppDelegate.swift */; };
		D9F55B4D2406214E0089318E /* SceneDelegate.swift in Sources */ = {isa = PBXBuildFile; fileRef = D9F55B4C2406214E0089318E /* SceneDelegate.swift */; };
		D9F55B4F2406214E0089318E /* ContentView.swift in Sources */ = {isa = PBXBuildFile; fileRef = D9F55B4E2406214E0089318E /* ContentView.swift */; };
		D9F55B51240621510089318E /* Assets.xcassets in Resources */ = {isa = PBXBuildFile; fileRef = D9F55B50240621510089318E /* Assets.xcassets */; };
		D9F55B54240621510089318E /* Preview Assets.xcassets in Resources */ = {isa = PBXBuildFile; fileRef = D9F55B53240621510089318E /* Preview Assets.xcassets */; };
		D9F55B57240621510089318E /* LaunchScreen.storyboard in Resources */ = {isa = PBXBuildFile; fileRef = D9F55B55240621510089318E /* LaunchScreen.storyboard */; };
/* End PBXBuildFile section */

/* Begin PBXFileReference section */
		D9F55B472406214E0089318E /* PeopleList.app */ = {isa = PBXFileReference; explicitFileType = wrapper.application; includeInIndex = 0; path = PeopleList.app; sourceTree = BUILT_PRODUCTS_DIR; };
		D9F55B4A2406214E0089318E /* AppDelegate.swift */ = {isa = PBXFileReference; lastKnownFileType = sourcecode.swift; path = AppDelegate.swift; sourceTree = "<group>"; };
		D9F55B4C2406214E0089318E /* SceneDelegate.swift */ = {isa = PBXFileReference; lastKnownFileType = sourcecode.swift; path = SceneDelegate.swift; sourceTree = "<group>"; };
		D9F55B4E2406214E0089318E /* ContentView.swift */ = {isa = PBXFileReference; lastKnownFileType = sourcecode.swift; path = ContentView.swift; sourceTree = "<group>"; };
		D9F55B50240621510089318E /* Assets.xcassets */ = {isa = PBXFileReference; lastKnownFileType = folder.assetcatalog; path = Assets.xcassets; sourceTree = "<group>"; };
		D9F55B53240621510089318E /* Preview Assets.xcassets */ = {isa = PBXFileReference; lastKnownFileType = folder.assetcatalog; path = "Preview Assets.xcassets"; sourceTree = "<group>"; };
		D9F55B56240621510089318E /* Base */ = {isa = PBXFileReference; lastKnownFileType = file.storyboard; name = Base; path = Base.lproj/LaunchScreen.storyboard; sourceTree = "<group>"; };
		D9F55B58240621510089318E /* Info.plist */ = {isa = PBXFileReference; lastKnownFileType = text.plist.xml; path = Info.plist; sourceTree = "<group>"; };
/* End PBXFileReference section */

/* Begin PBXFrameworksBuildPhase section */
		D9F55B442406214E0089318E /* Frameworks */ = {
			isa = PBXFrameworksBuildPhase;
			buildActionMask = 2147483647;
			files = (
			);
			runOnlyForDeploymentPostprocessing = 0;
		};
/* End PBXFrameworksBuildPhase section */

/* Begin PBXGroup section */
		D9F55B3E2406214E0089318E = {
			isa = PBXGroup;
			children = (
				D9F55B492406214E0089318E /* PeopleList */,
				D9F55B482406214E0089318E /* Products */,
			);
			sourceTree = "<group>";
		};
		D9F55B482406214E0089318E /* Products */ = {
			isa = PBXGroup;
			children = (
				D9F55B472406214E0089318E /* PeopleList.app */,
			);
			name = Products;
			sourceTree = "<group>";
		};
		D9F55B492406214E0089318E /* PeopleList */ = {
			isa = PBXGroup;
			children = (
				D9F55B4A2406214E0089318E /* AppDelegate.swift */,
				D9F55B4C2406214E0089318E /* SceneDelegate.swift */,
				D9F55B4E2406214E0089318E /* ContentView.swift */,
				D9F55B50240621510089318E /* Assets.xcassets */,
				D9F55B55240621510089318E /* LaunchScreen.storyboard */,
				D9F55B58240621510089318E /* Info.plist */,
				D9F55B52240621510089318E /* Preview Content */,
			);
			path = PeopleList;
			sourceTree = "<group>";
		};
		D9F55B52240621510089318E /* Preview Content */ = {
			isa = PBXGroup;
			children = (
				D9F55B53240621510089318E /* Preview Assets.xcassets */,
			);
			path = "Preview Content";
			sourceTree = "<group>";
		};
/* End PBXGroup section */

/* Begin PBXNativeTarget section */
		D9F55B462406214E0089318E /* PeopleList */ = {
			isa = PBXNativeTarget;
			buildConfigurationList = D9F55B5B240621510089318E /* Build configuration list for PBXNativeTarget "PeopleList" */;
			buildPhases = (
				D9F55B432406214E0089318E /* Sources */,
				D9F55B442406214E0089318E /* Frameworks */,
				D9F55B452406214E0089318E /* Resources */,
			);
			buildRules = (
			);
			dependencies = (
			);
			name = PeopleList;
			productName = PeopleList;
			productReference = D9F55B472406214E0089318E /* PeopleList.app */;
			productType = "com.apple.product-type.application";
		};
/* End PBXNativeTarget section */

/* Begin PBXProject section */
		D9F55B3F2406214E0089318E /* Project object */ = {
			isa = PBXProject;
			attributes = {
				LastSwiftUpdateCheck = 1130;
				LastUpgradeCheck = 1130;
				ORGANIZATIONNAME = "Skie Design Inc";
				TargetAttributes = {
					D9F55B462406214E0089318E = {
						CreatedOnToolsVersion = 11.3.1;
					};
				};
			};
			buildConfigurationList = D9F55B422406214E0089318E /* Build configuration list for PBXProject "PeopleList" */;
			compatibilityVersion = "Xcode 9.3";
			developmentRegion = en;
			hasScannedForEncodings = 0;
			knownRegions = (
				en,
				Base,
			);
			mainGroup = D9F55B3E2406214E0089318E;
			productRefGroup = D9F55B482406214E0089318E /* Products */;
			projectDirPath = "";
			projectRoot = "";
			targets = (
				D9F55B462406214E0089318E /* PeopleList */,
			);
		};
/* End PBXProject section */

/* Begin PBXResourcesBuildPhase section */
		D9F55B452406214E0089318E /* Resources */ = {
			isa = PBXResourcesBuildPhase;
			buildActionMask = 2147483647;
			files = (
				D9F55B57240621510089318E /* LaunchScreen.storyboard in Resources */,
				D9F55B54240621510089318E /* Preview Assets.xcassets in Resources */,
				D9F55B51240621510089318E /* Assets.xcassets in Resources */,
			);
			runOnlyForDeploymentPostprocessing = 0;
		};
/* End PBXResourcesBuildPhase section */

/* Begin PBXSourcesBuildPhase section */
		D9F55B432406214E0089318E /* Sources */ = {
			isa = PBXSourcesBuildPhase;
			buildActionMask = 2147483647;
			files = (
				D9F55B4B2406214E0089318E /* AppDelegate.swift in Sources */,
				D9F55B4D2406214E0089318E /* SceneDelegate.swift in Sources */,
				D9F55B4F2406214E0089318E /* ContentView.swift in Sources */,
			);
			runOnlyForDeploymentPostprocessing = 0;
		};
/* End PBXSourcesBuildPhase section */

/* Begin PBXVariantGroup section */
		D9F55B55240621510089318E /* LaunchScreen.storyboard */ = {
			isa = PBXVariantGroup;
			children = (
				D9F55B56240621510089318E /* Base */,
			);
			name = LaunchScreen.storyboard;
			sourceTree = "<group>";
		};
/* End PBXVariantGroup section */

/* Begin XCBuildConfiguration section */
		D9F55B59240621510089318E /* Debug */ = {
			isa = XCBuildConfiguration;
			buildSettings = {
				ALWAYS_SEARCH_USER_PATHS = NO;
				CLANG_ANALYZER_NONNULL = YES;
				CLANG_ANALYZER_NUMBER_OBJECT_CONVERSION = YES_AGGRESSIVE;
				CLANG_CXX_LANGUAGE_STANDARD = "gnu++14";
				CLANG_CXX_LIBRARY = "libc++";
				CLANG_ENABLE_MODULES = YES;
				CLANG_ENABLE_OBJC_ARC = YES;
				CLANG_ENABLE_OBJC_WEAK = YES;
				CLANG_WARN_BLOCK_CAPTURE_AUTORELEASING = YES;
				CLANG_WARN_BOOL_CONVERSION = YES;
				CLANG_WARN_COMMA = YES;
				CLANG_WARN_CONSTANT_CONVERSION = YES;
				CLANG_WARN_DEPRECATED_OBJC_IMPLEMENTATIONS = YES;
				CLANG_WARN_DIRECT_OBJC_ISA_USAGE = YES_ERROR;
				CLANG_WARN_DOCUMENTATION_COMMENTS = YES;
				CLANG_WARN_EMPTY_BODY = YES;
				CLANG_WARN_ENUM_CONVERSION = YES;
				CLANG_WARN_INFINITE_RECURSION = YES;
				CLANG_WARN_INT_CONVERSION = YES;
				CLANG_WARN_NON_LITERAL_NULL_CONVERSION = YES;
				CLANG_WARN_OBJC_IMPLICIT_RETAIN_SELF = YES;
				CLANG_WARN_OBJC_LITERAL_CONVERSION = YES;
				CLANG_WARN_OBJC_ROOT_CLASS = YES_ERROR;
				CLANG_WARN_RANGE_LOOP_ANALYSIS = YES;
				CLANG_WARN_STRICT_PROTOTYPES = YES;
				CLANG_WARN_SUSPICIOUS_MOVE = YES;
				CLANG_WARN_UNGUARDED_AVAILABILITY = YES_AGGRESSIVE;
				CLANG_WARN_UNREACHABLE_CODE = YES;
				CLANG_WARN__DUPLICATE_METHOD_MATCH = YES;
				COPY_PHASE_STRIP = NO;
				DEBUG_INFORMATION_FORMAT = dwarf;
				ENABLE_STRICT_OBJC_MSGSEND = YES;
				ENABLE_TESTABILITY = YES;
				GCC_C_LANGUAGE_STANDARD = gnu11;
				GCC_DYNAMIC_NO_PIC = NO;
				GCC_NO_COMMON_BLOCKS = YES;
				GCC_OPTIMIZATION_LEVEL = 0;
				GCC_PREPROCESSOR_DEFINITIONS = (
					"DEBUG=1",
					"$(inherited)",
				);
				GCC_WARN_64_TO_32_BIT_CONVERSION = YES;
				GCC_WARN_ABOUT_RETURN_TYPE = YES_ERROR;
				GCC_WARN_UNDECLARED_SELECTOR = YES;
				GCC_WARN_UNINITIALIZED_AUTOS = YES_AGGRESSIVE;
				GCC_WARN_UNUSED_FUNCTION = YES;
				GCC_WARN_UNUSED_VARIABLE = YES;
				IPHONEOS_DEPLOYMENT_TARGET = 13.2;
				MTL_ENABLE_DEBUG_INFO = INCLUDE_SOURCE;
				MTL_FAST_MATH = YES;
				ONLY_ACTIVE_ARCH = YES;
				SDKROOT = iphoneos;
				SWIFT_ACTIVE_COMPILATION_CONDITIONS = DEBUG;
				SWIFT_OPTIMIZATION_LEVEL = "-Onone";
			};
			name = Debug;
		};
		D9F55B5A240621510089318E /* Release */ = {
			isa = XCBuildConfiguration;
			buildSettings = {
				ALWAYS_SEARCH_USER_PATHS = NO;
				CLANG_ANALYZER_NONNULL = YES;
				CLANG_ANALYZER_NUMBER_OBJECT_CONVERSION = YES_AGGRESSIVE;
				CLANG_CXX_LANGUAGE_STANDARD = "gnu++14";
				CLANG_CXX_LIBRARY = "libc++";
				CLANG_ENABLE_MODULES = YES;
				CLANG_ENABLE_OBJC_ARC = YES;
				CLANG_ENABLE_OBJC_WEAK = YES;
				CLANG_WARN_BLOCK_CAPTURE_AUTORELEASING = YES;
				CLANG_WARN_BOOL_CONVERSION = YES;
				CLANG_WARN_COMMA = YES;
				CLANG_WARN_CONSTANT_CONVERSION = YES;
				CLANG_WARN_DEPRECATED_OBJC_IMPLEMENTATIONS = YES;
				CLANG_WARN_DIRECT_OBJC_ISA_USAGE = YES_ERROR;
				CLANG_WARN_DOCUMENTATION_COMMENTS = YES;
				CLANG_WARN_EMPTY_BODY = YES;
				CLANG_WARN_ENUM_CONVERSION = YES;
				CLANG_WARN_INFINITE_RECURSION = YES;
				CLANG_WARN_INT_CONVERSION = YES;
				CLANG_WARN_NON_LITERAL_NULL_CONVERSION = YES;
				CLANG_WARN_OBJC_IMPLICIT_RETAIN_SELF = YES;
				CLANG_WARN_OBJC_LITERAL_CONVERSION = YES;
				CLANG_WARN_OBJC_ROOT_CLASS = YES_ERROR;
				CLANG_WARN_RANGE_LOOP_ANALYSIS = YES;
				CLANG_WARN_STRICT_PROTOTYPES = YES;
				CLANG_WARN_SUSPICIOUS_MOVE = YES;
				CLANG_WARN_UNGUARDED_AVAILABILITY = YES_AGGRESSIVE;
				CLANG_WARN_UNREACHABLE_CODE = YES;
				CLANG_WARN__DUPLICATE_METHOD_MATCH = YES;
				COPY_PHASE_STRIP = NO;
				DEBUG_INFORMATION_FORMAT = "dwarf-with-dsym";
				ENABLE_NS_ASSERTIONS = NO;
				ENABLE_STRICT_OBJC_MSGSEND = YES;
				GCC_C_LANGUAGE_STANDARD = gnu11;
				GCC_NO_COMMON_BLOCKS = YES;
				GCC_WARN_64_TO_32_BIT_CONVERSION = YES;
				GCC_WARN_ABOUT_RETURN_TYPE = YES_ERROR;
				GCC_WARN_UNDECLARED_SELECTOR = YES;
				GCC_WARN_UNINITIALIZED_AUTOS = YES_AGGRESSIVE;
				GCC_WARN_UNUSED_FUNCTION = YES;
				GCC_WARN_UNUSED_VARIABLE = YES;
				IPHONEOS_DEPLOYMENT_TARGET = 13.2;
				MTL_ENABLE_DEBUG_INFO = NO;
				MTL_FAST_MATH = YES;
				SDKROOT = iphoneos;
				SWIFT_COMPILATION_MODE = wholemodule;
				SWIFT_OPTIMIZATION_LEVEL = "-O";
				VALIDATE_PRODUCT = YES;
			};
			name = Release;
		};
		D9F55B5C240621510089318E /* Debug */ = {
			isa = XCBuildConfiguration;
			buildSettings = {
				ASSETCATALOG_COMPILER_APPICON_NAME = AppIcon;
				CODE_SIGN_STYLE = Automatic;
				DEVELOPMENT_ASSET_PATHS = "\"PeopleList/Preview Content\"";
				ENABLE_PREVIEWS = YES;
				INFOPLIST_FILE = PeopleList/Info.plist;
				LD_RUNPATH_SEARCH_PATHS = (
					"$(inherited)",
					"@executable_path/Frameworks",
				);
				PRODUCT_BUNDLE_IDENTIFIER = com.skiedesign.PeopleList;
				PRODUCT_NAME = "$(TARGET_NAME)";
				SWIFT_VERSION = 5.0;
				TARGETED_DEVICE_FAMILY = "1,2";
			};
			name = Debug;
		};
		D9F55B5D240621510089318E /* Release */ = {
			isa = XCBuildConfiguration;
			buildSettings = {
				ASSETCATALOG_COMPILER_APPICON_NAME = AppIcon;
				CODE_SIGN_STYLE = Automatic;
				DEVELOPMENT_ASSET_PATHS = "\"PeopleList/Preview Content\"";
				ENABLE_PREVIEWS = YES;
				INFOPLIST_FILE = PeopleList/Info.plist;
				LD_RUNPATH_SEARCH_PATHS = (
					"$(inherited)",
					"@executable_path/Frameworks",
				);
				PRODUCT_BUNDLE_IDENTIFIER = com.skiedesign.PeopleList;
				PRODUCT_NAME = "$(TARGET_NAME)";
				SWIFT_VERSION = 5.0;
				TARGETED_DEVICE_FAMILY = "1,2";
			};
			name = Release;
		};
/* End XCBuildConfiguration section */

/* Begin XCConfigurationList section */
		D9F55B422406214E0089318E /* Build configuration list for PBXProject "PeopleList" */ = {
			isa = XCConfigurationList;
			buildConfigurations = (
				D9F55B59240621510089318E /* Debug */,
				D9F55B5A240621510089318E /* Release */,
			);
			defaultConfigurationIsVisible = 0;
			defaultConfigurationName = Release;
		};
		D9F55B5B240621510089318E /* Build configuration list for PBXNativeTarget "PeopleList" */ = {
			isa = XCConfigurationList;
			buildConfigurations = (
				D9F55B5C240621510089318E /* Debug */,
				D9F55B5D240621510089318E /* Release */,
			);
			defaultConfigurationIsVisible = 0;
			defaultConfigurationName = Release;
		};
/* End XCConfigurationList section */
	};
	rootObject = D9F55B3F2406214E0089318E /* Project object */;
}
